// !$*UTF8*$!
{
	archiveVersion = 1;
	classes = {
	};
	objectVersion = 56;
	objects = {

/* Begin PBXBuildFile section */
		463F33FE2C1260150024C722 /* DessertListService.swift in Sources */ = {isa = PBXBuildFile; fileRef = 463F33FD2C1260150024C722 /* DessertListService.swift */; };
		463F34002C1265DB0024C722 /* ServiceAssembly.swift in Sources */ = {isa = PBXBuildFile; fileRef = 463F33FF2C1265DB0024C722 /* ServiceAssembly.swift */; };
		463F34022C1267FB0024C722 /* ImageLoadService.swift in Sources */ = {isa = PBXBuildFile; fileRef = 463F34012C1267FB0024C722 /* ImageLoadService.swift */; };
		464DB3D52C112BC600D34454 /* AppAssembler.swift in Sources */ = {isa = PBXBuildFile; fileRef = 464DB3D42C112BC600D34454 /* AppAssembler.swift */; };
		464DB3D82C112C6700D34454 /* Swinject in Frameworks */ = {isa = PBXBuildFile; productRef = 464DB3D72C112C6700D34454 /* Swinject */; };
		464DB3DA2C112CB900D34454 /* ViewModelAssembly.swift in Sources */ = {isa = PBXBuildFile; fileRef = 464DB3D92C112CB900D34454 /* ViewModelAssembly.swift */; };
		464DB3DD2C113B0A00D34454 /* Resolver+Resolved.swift in Sources */ = {isa = PBXBuildFile; fileRef = 464DB3DC2C113B0A00D34454 /* Resolver+Resolved.swift */; };
		465D29D72C1771DF00B26B5D /* DesssertDetailService.swift in Sources */ = {isa = PBXBuildFile; fileRef = 465D29D62C1771DF00B26B5D /* DesssertDetailService.swift */; };
		465D29DB2C179F7F00B26B5D /* DessertMainCoordinator.swift in Sources */ = {isa = PBXBuildFile; fileRef = 465D29DA2C179F7F00B26B5D /* DessertMainCoordinator.swift */; };
		465D29DD2C17A04200B26B5D /* CoordinatorAssembly.swift in Sources */ = {isa = PBXBuildFile; fileRef = 465D29DC2C17A04200B26B5D /* CoordinatorAssembly.swift */; };
		465D29DF2C17A1AE00B26B5D /* DessertListCoordinator.swift in Sources */ = {isa = PBXBuildFile; fileRef = 465D29DE2C17A1AE00B26B5D /* DessertListCoordinator.swift */; };
		465D29E12C18EACC00B26B5D /* ViewModelType.swift in Sources */ = {isa = PBXBuildFile; fileRef = 465D29E02C18EACC00B26B5D /* ViewModelType.swift */; };
		465D29EA2C19407000B26B5D /* InMemoryImageRepository.swift in Sources */ = {isa = PBXBuildFile; fileRef = 465D29E92C19407000B26B5D /* InMemoryImageRepository.swift */; };
		465D29EC2C19469C00B26B5D /* RepositoryAssembly.swift in Sources */ = {isa = PBXBuildFile; fileRef = 465D29EB2C19469C00B26B5D /* RepositoryAssembly.swift */; };
		4668524F2BFE7039007C9318 /* DessertListItemView.swift in Sources */ = {isa = PBXBuildFile; fileRef = 4668524E2BFE7039007C9318 /* DessertListItemView.swift */; };
		466852512BFE7063007C9318 /* DessertListItemViewModel.swift in Sources */ = {isa = PBXBuildFile; fileRef = 466852502BFE7063007C9318 /* DessertListItemViewModel.swift */; };
		466852532BFE7980007C9318 /* DessertDetailView.swift in Sources */ = {isa = PBXBuildFile; fileRef = 466852522BFE7980007C9318 /* DessertDetailView.swift */; };
		466852552BFE8362007C9318 /* DessertDetailViewModel.swift in Sources */ = {isa = PBXBuildFile; fileRef = 466852542BFE8362007C9318 /* DessertDetailViewModel.swift */; };
		466852572BFEA4A6007C9318 /* MealLookupAPIModels.swift in Sources */ = {isa = PBXBuildFile; fileRef = 466852562BFEA4A6007C9318 /* MealLookupAPIModels.swift */; };
		46BCCEA12C08012A0005D3B6 /* NetworkError.swift in Sources */ = {isa = PBXBuildFile; fileRef = 46BCCEA02C08012A0005D3B6 /* NetworkError.swift */; };
		46D339122BFD25A20095A930 /* DessertChallengeApp.swift in Sources */ = {isa = PBXBuildFile; fileRef = 46D339112BFD25A20095A930 /* DessertChallengeApp.swift */; };
		46D339162BFD25A30095A930 /* Assets.xcassets in Resources */ = {isa = PBXBuildFile; fileRef = 46D339152BFD25A30095A930 /* Assets.xcassets */; };
		46D339192BFD25A30095A930 /* Preview Assets.xcassets in Resources */ = {isa = PBXBuildFile; fileRef = 46D339182BFD25A30095A930 /* Preview Assets.xcassets */; };
		46D339232BFD25A30095A930 /* DessertChallengeTests.swift in Sources */ = {isa = PBXBuildFile; fileRef = 46D339222BFD25A30095A930 /* DessertChallengeTests.swift */; };
		46D3392D2BFD25A30095A930 /* DessertChallengeUITests.swift in Sources */ = {isa = PBXBuildFile; fileRef = 46D3392C2BFD25A30095A930 /* DessertChallengeUITests.swift */; };
		46D3392F2BFD25A30095A930 /* DessertChallengeUITestsLaunchTests.swift in Sources */ = {isa = PBXBuildFile; fileRef = 46D3392E2BFD25A30095A930 /* DessertChallengeUITestsLaunchTests.swift */; };
		46D3393C2BFD29950095A930 /* TopBarView.swift in Sources */ = {isa = PBXBuildFile; fileRef = 46D3393B2BFD29950095A930 /* TopBarView.swift */; };
		46D339402BFD32CA0095A930 /* DessertAPIModels.swift in Sources */ = {isa = PBXBuildFile; fileRef = 46D3393F2BFD32CA0095A930 /* DessertAPIModels.swift */; };
		46D339462BFDA8610095A930 /* DessertListView.swift in Sources */ = {isa = PBXBuildFile; fileRef = 46D339452BFDA8610095A930 /* DessertListView.swift */; };
		46D339482BFDA8780095A930 /* DessertListViewModel.swift in Sources */ = {isa = PBXBuildFile; fileRef = 46D339472BFDA8780095A930 /* DessertListViewModel.swift */; };
		46DD4BCC2BFFA0A100EF3C6A /* DessertMainView.swift in Sources */ = {isa = PBXBuildFile; fileRef = 46DD4BCB2BFFA0A100EF3C6A /* DessertMainView.swift */; };
		46DD4BCE2BFFA1B000EF3C6A /* TopBarViewModel.swift in Sources */ = {isa = PBXBuildFile; fileRef = 46DD4BCD2BFFA1B000EF3C6A /* TopBarViewModel.swift */; };
/* End PBXBuildFile section */

/* Begin PBXContainerItemProxy section */
		46D3391F2BFD25A30095A930 /* PBXContainerItemProxy */ = {
			isa = PBXContainerItemProxy;
			containerPortal = 46D339062BFD25A20095A930 /* Project object */;
			proxyType = 1;
			remoteGlobalIDString = 46D3390D2BFD25A20095A930;
			remoteInfo = DessertChallenge;
		};
		46D339292BFD25A30095A930 /* PBXContainerItemProxy */ = {
			isa = PBXContainerItemProxy;
			containerPortal = 46D339062BFD25A20095A930 /* Project object */;
			proxyType = 1;
			remoteGlobalIDString = 46D3390D2BFD25A20095A930;
			remoteInfo = DessertChallenge;
		};
/* End PBXContainerItemProxy section */

/* Begin PBXFileReference section */
		463F33FD2C1260150024C722 /* DessertListService.swift */ = {isa = PBXFileReference; lastKnownFileType = sourcecode.swift; path = DessertListService.swift; sourceTree = "<group>"; };
		463F33FF2C1265DB0024C722 /* ServiceAssembly.swift */ = {isa = PBXFileReference; lastKnownFileType = sourcecode.swift; path = ServiceAssembly.swift; sourceTree = "<group>"; };
		463F34012C1267FB0024C722 /* ImageLoadService.swift */ = {isa = PBXFileReference; lastKnownFileType = sourcecode.swift; path = ImageLoadService.swift; sourceTree = "<group>"; };
		464DB3D42C112BC600D34454 /* AppAssembler.swift */ = {isa = PBXFileReference; lastKnownFileType = sourcecode.swift; path = AppAssembler.swift; sourceTree = "<group>"; };
		464DB3D92C112CB900D34454 /* ViewModelAssembly.swift */ = {isa = PBXFileReference; lastKnownFileType = sourcecode.swift; path = ViewModelAssembly.swift; sourceTree = "<group>"; };
		464DB3DC2C113B0A00D34454 /* Resolver+Resolved.swift */ = {isa = PBXFileReference; lastKnownFileType = sourcecode.swift; path = "Resolver+Resolved.swift"; sourceTree = "<group>"; };
		465D29D62C1771DF00B26B5D /* DesssertDetailService.swift */ = {isa = PBXFileReference; lastKnownFileType = sourcecode.swift; path = DesssertDetailService.swift; sourceTree = "<group>"; };
		465D29DA2C179F7F00B26B5D /* DessertMainCoordinator.swift */ = {isa = PBXFileReference; lastKnownFileType = sourcecode.swift; path = DessertMainCoordinator.swift; sourceTree = "<group>"; };
		465D29DC2C17A04200B26B5D /* CoordinatorAssembly.swift */ = {isa = PBXFileReference; lastKnownFileType = sourcecode.swift; path = CoordinatorAssembly.swift; sourceTree = "<group>"; };
		465D29DE2C17A1AE00B26B5D /* DessertListCoordinator.swift */ = {isa = PBXFileReference; lastKnownFileType = sourcecode.swift; path = DessertListCoordinator.swift; sourceTree = "<group>"; };
		465D29E02C18EACC00B26B5D /* ViewModelType.swift */ = {isa = PBXFileReference; lastKnownFileType = sourcecode.swift; path = ViewModelType.swift; sourceTree = "<group>"; };
		465D29E92C19407000B26B5D /* InMemoryImageRepository.swift */ = {isa = PBXFileReference; lastKnownFileType = sourcecode.swift; path = InMemoryImageRepository.swift; sourceTree = "<group>"; };
		465D29EB2C19469C00B26B5D /* RepositoryAssembly.swift */ = {isa = PBXFileReference; lastKnownFileType = sourcecode.swift; path = RepositoryAssembly.swift; sourceTree = "<group>"; };
		4668524E2BFE7039007C9318 /* DessertListItemView.swift */ = {isa = PBXFileReference; lastKnownFileType = sourcecode.swift; path = DessertListItemView.swift; sourceTree = "<group>"; };
		466852502BFE7063007C9318 /* DessertListItemViewModel.swift */ = {isa = PBXFileReference; lastKnownFileType = sourcecode.swift; path = DessertListItemViewModel.swift; sourceTree = "<group>"; };
		466852522BFE7980007C9318 /* DessertDetailView.swift */ = {isa = PBXFileReference; lastKnownFileType = sourcecode.swift; path = DessertDetailView.swift; sourceTree = "<group>"; };
		466852542BFE8362007C9318 /* DessertDetailViewModel.swift */ = {isa = PBXFileReference; lastKnownFileType = sourcecode.swift; path = DessertDetailViewModel.swift; sourceTree = "<group>"; };
		466852562BFEA4A6007C9318 /* MealLookupAPIModels.swift */ = {isa = PBXFileReference; lastKnownFileType = sourcecode.swift; path = MealLookupAPIModels.swift; sourceTree = "<group>"; };
		46BCCEA02C08012A0005D3B6 /* NetworkError.swift */ = {isa = PBXFileReference; lastKnownFileType = sourcecode.swift; path = NetworkError.swift; sourceTree = "<group>"; };
		46D3390E2BFD25A20095A930 /* DessertChallenge.app */ = {isa = PBXFileReference; explicitFileType = wrapper.application; includeInIndex = 0; path = DessertChallenge.app; sourceTree = BUILT_PRODUCTS_DIR; };
		46D339112BFD25A20095A930 /* DessertChallengeApp.swift */ = {isa = PBXFileReference; lastKnownFileType = sourcecode.swift; path = DessertChallengeApp.swift; sourceTree = "<group>"; };
		46D339152BFD25A30095A930 /* Assets.xcassets */ = {isa = PBXFileReference; lastKnownFileType = folder.assetcatalog; path = Assets.xcassets; sourceTree = "<group>"; };
		46D339182BFD25A30095A930 /* Preview Assets.xcassets */ = {isa = PBXFileReference; lastKnownFileType = folder.assetcatalog; path = "Preview Assets.xcassets"; sourceTree = "<group>"; };
		46D3391E2BFD25A30095A930 /* DessertChallengeTests.xctest */ = {isa = PBXFileReference; explicitFileType = wrapper.cfbundle; includeInIndex = 0; path = DessertChallengeTests.xctest; sourceTree = BUILT_PRODUCTS_DIR; };
		46D339222BFD25A30095A930 /* DessertChallengeTests.swift */ = {isa = PBXFileReference; lastKnownFileType = sourcecode.swift; path = DessertChallengeTests.swift; sourceTree = "<group>"; };
		46D339282BFD25A30095A930 /* DessertChallengeUITests.xctest */ = {isa = PBXFileReference; explicitFileType = wrapper.cfbundle; includeInIndex = 0; path = DessertChallengeUITests.xctest; sourceTree = BUILT_PRODUCTS_DIR; };
		46D3392C2BFD25A30095A930 /* DessertChallengeUITests.swift */ = {isa = PBXFileReference; lastKnownFileType = sourcecode.swift; path = DessertChallengeUITests.swift; sourceTree = "<group>"; };
		46D3392E2BFD25A30095A930 /* DessertChallengeUITestsLaunchTests.swift */ = {isa = PBXFileReference; lastKnownFileType = sourcecode.swift; path = DessertChallengeUITestsLaunchTests.swift; sourceTree = "<group>"; };
		46D3393B2BFD29950095A930 /* TopBarView.swift */ = {isa = PBXFileReference; lastKnownFileType = sourcecode.swift; path = TopBarView.swift; sourceTree = "<group>"; };
		46D3393F2BFD32CA0095A930 /* DessertAPIModels.swift */ = {isa = PBXFileReference; lastKnownFileType = sourcecode.swift; path = DessertAPIModels.swift; sourceTree = "<group>"; };
		46D339452BFDA8610095A930 /* DessertListView.swift */ = {isa = PBXFileReference; lastKnownFileType = sourcecode.swift; path = DessertListView.swift; sourceTree = "<group>"; };
		46D339472BFDA8780095A930 /* DessertListViewModel.swift */ = {isa = PBXFileReference; lastKnownFileType = sourcecode.swift; path = DessertListViewModel.swift; sourceTree = "<group>"; };
		46DD4BCB2BFFA0A100EF3C6A /* DessertMainView.swift */ = {isa = PBXFileReference; lastKnownFileType = sourcecode.swift; path = DessertMainView.swift; sourceTree = "<group>"; };
		46DD4BCD2BFFA1B000EF3C6A /* TopBarViewModel.swift */ = {isa = PBXFileReference; lastKnownFileType = sourcecode.swift; path = TopBarViewModel.swift; sourceTree = "<group>"; };
/* End PBXFileReference section */

/* Begin PBXFrameworksBuildPhase section */
		46D3390B2BFD25A20095A930 /* Frameworks */ = {
			isa = PBXFrameworksBuildPhase;
			buildActionMask = 2147483647;
			files = (
				464DB3D82C112C6700D34454 /* Swinject in Frameworks */,
			);
			runOnlyForDeploymentPostprocessing = 0;
		};
		46D3391B2BFD25A30095A930 /* Frameworks */ = {
			isa = PBXFrameworksBuildPhase;
			buildActionMask = 2147483647;
			files = (
			);
			runOnlyForDeploymentPostprocessing = 0;
		};
		46D339252BFD25A30095A930 /* Frameworks */ = {
			isa = PBXFrameworksBuildPhase;
			buildActionMask = 2147483647;
			files = (
			);
			runOnlyForDeploymentPostprocessing = 0;
		};
/* End PBXFrameworksBuildPhase section */

/* Begin PBXGroup section */
		463F33FC2C125FE70024C722 /* Services */ = {
			isa = PBXGroup;
			children = (
				463F33FD2C1260150024C722 /* DessertListService.swift */,
				463F34012C1267FB0024C722 /* ImageLoadService.swift */,
				465D29D62C1771DF00B26B5D /* DesssertDetailService.swift */,
			);
			path = Services;
			sourceTree = "<group>";
		};
		464DB3CF2C112B3B00D34454 /* UI */ = {
			isa = PBXGroup;
			children = (
				465D29E22C18F97500B26B5D /* DessertMainView */,
				465D29E32C18F98200B26B5D /* DessertListView */,
				465D29E52C18F99500B26B5D /* DessertListItemView */,
				465D29E62C18F9A100B26B5D /* DessertDetailView */,
				465D29E72C18F9AC00B26B5D /* TopBarView */,
			);
			path = UI;
			sourceTree = "<group>";
		};
		464DB3D12C112B8800D34454 /* Models */ = {
			isa = PBXGroup;
			children = (
				46D3393F2BFD32CA0095A930 /* DessertAPIModels.swift */,
				46BCCEA02C08012A0005D3B6 /* NetworkError.swift */,
				466852562BFEA4A6007C9318 /* MealLookupAPIModels.swift */,
			);
			path = Models;
			sourceTree = "<group>";
		};
		464DB3D32C112BB200D34454 /* Architecture */ = {
			isa = PBXGroup;
			children = (
				464DB3D42C112BC600D34454 /* AppAssembler.swift */,
				464DB3D92C112CB900D34454 /* ViewModelAssembly.swift */,
				463F33FF2C1265DB0024C722 /* ServiceAssembly.swift */,
				465D29DC2C17A04200B26B5D /* CoordinatorAssembly.swift */,
				465D29EB2C19469C00B26B5D /* RepositoryAssembly.swift */,
				465D29E02C18EACC00B26B5D /* ViewModelType.swift */,
			);
			path = Architecture;
			sourceTree = "<group>";
		};
		464DB3DB2C113AFA00D34454 /* Extensions */ = {
			isa = PBXGroup;
			children = (
				464DB3DC2C113B0A00D34454 /* Resolver+Resolved.swift */,
			);
			path = Extensions;
			sourceTree = "<group>";
		};
		465D29E22C18F97500B26B5D /* DessertMainView */ = {
			isa = PBXGroup;
			children = (
				46DD4BCB2BFFA0A100EF3C6A /* DessertMainView.swift */,
				465D29DA2C179F7F00B26B5D /* DessertMainCoordinator.swift */,
			);
			path = DessertMainView;
			sourceTree = "<group>";
		};
		465D29E32C18F98200B26B5D /* DessertListView */ = {
			isa = PBXGroup;
			children = (
				46D339452BFDA8610095A930 /* DessertListView.swift */,
				465D29DE2C17A1AE00B26B5D /* DessertListCoordinator.swift */,
				46D339472BFDA8780095A930 /* DessertListViewModel.swift */,
			);
			path = DessertListView;
			sourceTree = "<group>";
		};
		465D29E52C18F99500B26B5D /* DessertListItemView */ = {
			isa = PBXGroup;
			children = (
				4668524E2BFE7039007C9318 /* DessertListItemView.swift */,
				466852502BFE7063007C9318 /* DessertListItemViewModel.swift */,
			);
			path = DessertListItemView;
			sourceTree = "<group>";
		};
		465D29E62C18F9A100B26B5D /* DessertDetailView */ = {
			isa = PBXGroup;
			children = (
				466852522BFE7980007C9318 /* DessertDetailView.swift */,
				466852542BFE8362007C9318 /* DessertDetailViewModel.swift */,
			);
			path = DessertDetailView;
			sourceTree = "<group>";
		};
		465D29E72C18F9AC00B26B5D /* TopBarView */ = {
			isa = PBXGroup;
			children = (
				46D3393B2BFD29950095A930 /* TopBarView.swift */,
				46DD4BCD2BFFA1B000EF3C6A /* TopBarViewModel.swift */,
			);
			path = TopBarView;
			sourceTree = "<group>";
		};
		465D29E82C19403300B26B5D /* Repositories */ = {
			isa = PBXGroup;
			children = (
				465D29E92C19407000B26B5D /* InMemoryImageRepository.swift */,
			);
			path = Repositories;
			sourceTree = "<group>";
		};
		46D339052BFD25A20095A930 = {
			isa = PBXGroup;
			children = (
				46D339102BFD25A20095A930 /* DessertChallenge */,
				46D339212BFD25A30095A930 /* DessertChallengeTests */,
				46D3392B2BFD25A30095A930 /* DessertChallengeUITests */,
				46D3390F2BFD25A20095A930 /* Products */,
			);
			sourceTree = "<group>";
		};
		46D3390F2BFD25A20095A930 /* Products */ = {
			isa = PBXGroup;
			children = (
				46D3390E2BFD25A20095A930 /* DessertChallenge.app */,
				46D3391E2BFD25A30095A930 /* DessertChallengeTests.xctest */,
				46D339282BFD25A30095A930 /* DessertChallengeUITests.xctest */,
			);
			name = Products;
			sourceTree = "<group>";
		};
		46D339102BFD25A20095A930 /* DessertChallenge */ = {
			isa = PBXGroup;
			children = (
				465D29E82C19403300B26B5D /* Repositories */,
				463F33FC2C125FE70024C722 /* Services */,
				464DB3DB2C113AFA00D34454 /* Extensions */,
				464DB3D32C112BB200D34454 /* Architecture */,
				464DB3CF2C112B3B00D34454 /* UI */,
				46D339112BFD25A20095A930 /* DessertChallengeApp.swift */,
				464DB3D12C112B8800D34454 /* Models */,
				46D339152BFD25A30095A930 /* Assets.xcassets */,
				46D339172BFD25A30095A930 /* Preview Content */,
			);
			path = DessertChallenge;
			sourceTree = "<group>";
		};
		46D339172BFD25A30095A930 /* Preview Content */ = {
			isa = PBXGroup;
			children = (
				46D339182BFD25A30095A930 /* Preview Assets.xcassets */,
			);
			path = "Preview Content";
			sourceTree = "<group>";
		};
		46D339212BFD25A30095A930 /* DessertChallengeTests */ = {
			isa = PBXGroup;
			children = (
				46D339222BFD25A30095A930 /* DessertChallengeTests.swift */,
			);
			path = DessertChallengeTests;
			sourceTree = "<group>";
		};
		46D3392B2BFD25A30095A930 /* DessertChallengeUITests */ = {
			isa = PBXGroup;
			children = (
				46D3392C2BFD25A30095A930 /* DessertChallengeUITests.swift */,
				46D3392E2BFD25A30095A930 /* DessertChallengeUITestsLaunchTests.swift */,
			);
			path = DessertChallengeUITests;
			sourceTree = "<group>";
		};
/* End PBXGroup section */

/* Begin PBXNativeTarget section */
		46D3390D2BFD25A20095A930 /* DessertChallenge */ = {
			isa = PBXNativeTarget;
			buildConfigurationList = 46D339322BFD25A30095A930 /* Build configuration list for PBXNativeTarget "DessertChallenge" */;
			buildPhases = (
				46D3390A2BFD25A20095A930 /* Sources */,
				46D3390B2BFD25A20095A930 /* Frameworks */,
				46D3390C2BFD25A20095A930 /* Resources */,
			);
			buildRules = (
			);
			dependencies = (
			);
			name = DessertChallenge;
			packageProductDependencies = (
				464DB3D72C112C6700D34454 /* Swinject */,
			);
			productName = DessertChallenge;
			productReference = 46D3390E2BFD25A20095A930 /* DessertChallenge.app */;
			productType = "com.apple.product-type.application";
		};
		46D3391D2BFD25A30095A930 /* DessertChallengeTests */ = {
			isa = PBXNativeTarget;
			buildConfigurationList = 46D339352BFD25A30095A930 /* Build configuration list for PBXNativeTarget "DessertChallengeTests" */;
			buildPhases = (
				46D3391A2BFD25A30095A930 /* Sources */,
				46D3391B2BFD25A30095A930 /* Frameworks */,
				46D3391C2BFD25A30095A930 /* Resources */,
			);
			buildRules = (
			);
			dependencies = (
				46D339202BFD25A30095A930 /* PBXTargetDependency */,
			);
			name = DessertChallengeTests;
			productName = DessertChallengeTests;
			productReference = 46D3391E2BFD25A30095A930 /* DessertChallengeTests.xctest */;
			productType = "com.apple.product-type.bundle.unit-test";
		};
		46D339272BFD25A30095A930 /* DessertChallengeUITests */ = {
			isa = PBXNativeTarget;
			buildConfigurationList = 46D339382BFD25A30095A930 /* Build configuration list for PBXNativeTarget "DessertChallengeUITests" */;
			buildPhases = (
				46D339242BFD25A30095A930 /* Sources */,
				46D339252BFD25A30095A930 /* Frameworks */,
				46D339262BFD25A30095A930 /* Resources */,
			);
			buildRules = (
			);
			dependencies = (
				46D3392A2BFD25A30095A930 /* PBXTargetDependency */,
			);
			name = DessertChallengeUITests;
			productName = DessertChallengeUITests;
			productReference = 46D339282BFD25A30095A930 /* DessertChallengeUITests.xctest */;
			productType = "com.apple.product-type.bundle.ui-testing";
		};
/* End PBXNativeTarget section */

/* Begin PBXProject section */
		46D339062BFD25A20095A930 /* Project object */ = {
			isa = PBXProject;
			attributes = {
				BuildIndependentTargetsInParallel = 1;
				LastSwiftUpdateCheck = 1540;
				LastUpgradeCheck = 1540;
				TargetAttributes = {
					46D3390D2BFD25A20095A930 = {
						CreatedOnToolsVersion = 15.4;
					};
					46D3391D2BFD25A30095A930 = {
						CreatedOnToolsVersion = 15.4;
						TestTargetID = 46D3390D2BFD25A20095A930;
					};
					46D339272BFD25A30095A930 = {
						CreatedOnToolsVersion = 15.4;
						TestTargetID = 46D3390D2BFD25A20095A930;
					};
				};
			};
			buildConfigurationList = 46D339092BFD25A20095A930 /* Build configuration list for PBXProject "DessertChallenge" */;
			compatibilityVersion = "Xcode 14.0";
			developmentRegion = en;
			hasScannedForEncodings = 0;
			knownRegions = (
				en,
				Base,
			);
			mainGroup = 46D339052BFD25A20095A930;
			packageReferences = (
				464DB3D62C112C2D00D34454 /* XCRemoteSwiftPackageReference "Swinject" */,
			);
			productRefGroup = 46D3390F2BFD25A20095A930 /* Products */;
			projectDirPath = "";
			projectRoot = "";
			targets = (
				46D3390D2BFD25A20095A930 /* DessertChallenge */,
				46D3391D2BFD25A30095A930 /* DessertChallengeTests */,
				46D339272BFD25A30095A930 /* DessertChallengeUITests */,
			);
		};
/* End PBXProject section */

/* Begin PBXResourcesBuildPhase section */
		46D3390C2BFD25A20095A930 /* Resources */ = {
			isa = PBXResourcesBuildPhase;
			buildActionMask = 2147483647;
			files = (
				46D339192BFD25A30095A930 /* Preview Assets.xcassets in Resources */,
				46D339162BFD25A30095A930 /* Assets.xcassets in Resources */,
			);
			runOnlyForDeploymentPostprocessing = 0;
		};
		46D3391C2BFD25A30095A930 /* Resources */ = {
			isa = PBXResourcesBuildPhase;
			buildActionMask = 2147483647;
			files = (
			);
			runOnlyForDeploymentPostprocessing = 0;
		};
		46D339262BFD25A30095A930 /* Resources */ = {
			isa = PBXResourcesBuildPhase;
			buildActionMask = 2147483647;
			files = (
			);
			runOnlyForDeploymentPostprocessing = 0;
		};
/* End PBXResourcesBuildPhase section */

/* Begin PBXSourcesBuildPhase section */
		46D3390A2BFD25A20095A930 /* Sources */ = {
			isa = PBXSourcesBuildPhase;
			buildActionMask = 2147483647;
			files = (
				46D339462BFDA8610095A930 /* DessertListView.swift in Sources */,
				465D29DF2C17A1AE00B26B5D /* DessertListCoordinator.swift in Sources */,
				4668524F2BFE7039007C9318 /* DessertListItemView.swift in Sources */,
				466852552BFE8362007C9318 /* DessertDetailViewModel.swift in Sources */,
				463F34002C1265DB0024C722 /* ServiceAssembly.swift in Sources */,
				464DB3DD2C113B0A00D34454 /* Resolver+Resolved.swift in Sources */,
				466852572BFEA4A6007C9318 /* MealLookupAPIModels.swift in Sources */,
				465D29EA2C19407000B26B5D /* InMemoryImageRepository.swift in Sources */,
				46DD4BCE2BFFA1B000EF3C6A /* TopBarViewModel.swift in Sources */,
				465D29EC2C19469C00B26B5D /* RepositoryAssembly.swift in Sources */,
				46D339402BFD32CA0095A930 /* DessertAPIModels.swift in Sources */,
				46D339482BFDA8780095A930 /* DessertListViewModel.swift in Sources */,
				46DD4BCC2BFFA0A100EF3C6A /* DessertMainView.swift in Sources */,
				466852512BFE7063007C9318 /* DessertListItemViewModel.swift in Sources */,
				465D29D72C1771DF00B26B5D /* DesssertDetailService.swift in Sources */,
				463F34022C1267FB0024C722 /* ImageLoadService.swift in Sources */,
				46D3393C2BFD29950095A930 /* TopBarView.swift in Sources */,
				465D29DD2C17A04200B26B5D /* CoordinatorAssembly.swift in Sources */,
				464DB3D52C112BC600D34454 /* AppAssembler.swift in Sources */,
				46BCCEA12C08012A0005D3B6 /* NetworkError.swift in Sources */,
				464DB3DA2C112CB900D34454 /* ViewModelAssembly.swift in Sources */,
				463F33FE2C1260150024C722 /* DessertListService.swift in Sources */,
				465D29DB2C179F7F00B26B5D /* DessertMainCoordinator.swift in Sources */,
				46D339122BFD25A20095A930 /* DessertChallengeApp.swift in Sources */,
				465D29E12C18EACC00B26B5D /* ViewModelType.swift in Sources */,
				466852532BFE7980007C9318 /* DessertDetailView.swift in Sources */,
			);
			runOnlyForDeploymentPostprocessing = 0;
		};
		46D3391A2BFD25A30095A930 /* Sources */ = {
			isa = PBXSourcesBuildPhase;
			buildActionMask = 2147483647;
			files = (
				46D339232BFD25A30095A930 /* DessertChallengeTests.swift in Sources */,
			);
			runOnlyForDeploymentPostprocessing = 0;
		};
		46D339242BFD25A30095A930 /* Sources */ = {
			isa = PBXSourcesBuildPhase;
			buildActionMask = 2147483647;
			files = (
				46D3392D2BFD25A30095A930 /* DessertChallengeUITests.swift in Sources */,
				46D3392F2BFD25A30095A930 /* DessertChallengeUITestsLaunchTests.swift in Sources */,
			);
			runOnlyForDeploymentPostprocessing = 0;
		};
/* End PBXSourcesBuildPhase section */

/* Begin PBXTargetDependency section */
		46D339202BFD25A30095A930 /* PBXTargetDependency */ = {
			isa = PBXTargetDependency;
			target = 46D3390D2BFD25A20095A930 /* DessertChallenge */;
			targetProxy = 46D3391F2BFD25A30095A930 /* PBXContainerItemProxy */;
		};
		46D3392A2BFD25A30095A930 /* PBXTargetDependency */ = {
			isa = PBXTargetDependency;
			target = 46D3390D2BFD25A20095A930 /* DessertChallenge */;
			targetProxy = 46D339292BFD25A30095A930 /* PBXContainerItemProxy */;
		};
/* End PBXTargetDependency section */

/* Begin XCBuildConfiguration section */
		46D339302BFD25A30095A930 /* Debug */ = {
			isa = XCBuildConfiguration;
			buildSettings = {
				ALWAYS_SEARCH_USER_PATHS = NO;
				ASSETCATALOG_COMPILER_GENERATE_SWIFT_ASSET_SYMBOL_EXTENSIONS = YES;
				CLANG_ANALYZER_NONNULL = YES;
				CLANG_ANALYZER_NUMBER_OBJECT_CONVERSION = YES_AGGRESSIVE;
				CLANG_CXX_LANGUAGE_STANDARD = "gnu++20";
				CLANG_ENABLE_MODULES = YES;
				CLANG_ENABLE_OBJC_ARC = YES;
				CLANG_ENABLE_OBJC_WEAK = YES;
				CLANG_WARN_BLOCK_CAPTURE_AUTORELEASING = YES;
				CLANG_WARN_BOOL_CONVERSION = YES;
				CLANG_WARN_COMMA = YES;
				CLANG_WARN_CONSTANT_CONVERSION = YES;
				CLANG_WARN_DEPRECATED_OBJC_IMPLEMENTATIONS = YES;
				CLANG_WARN_DIRECT_OBJC_ISA_USAGE = YES_ERROR;
				CLANG_WARN_DOCUMENTATION_COMMENTS = YES;
				CLANG_WARN_EMPTY_BODY = YES;
				CLANG_WARN_ENUM_CONVERSION = YES;
				CLANG_WARN_INFINITE_RECURSION = YES;
				CLANG_WARN_INT_CONVERSION = YES;
				CLANG_WARN_NON_LITERAL_NULL_CONVERSION = YES;
				CLANG_WARN_OBJC_IMPLICIT_RETAIN_SELF = YES;
				CLANG_WARN_OBJC_LITERAL_CONVERSION = YES;
				CLANG_WARN_OBJC_ROOT_CLASS = YES_ERROR;
				CLANG_WARN_QUOTED_INCLUDE_IN_FRAMEWORK_HEADER = YES;
				CLANG_WARN_RANGE_LOOP_ANALYSIS = YES;
				CLANG_WARN_STRICT_PROTOTYPES = YES;
				CLANG_WARN_SUSPICIOUS_MOVE = YES;
				CLANG_WARN_UNGUARDED_AVAILABILITY = YES_AGGRESSIVE;
				CLANG_WARN_UNREACHABLE_CODE = YES;
				CLANG_WARN__DUPLICATE_METHOD_MATCH = YES;
				COPY_PHASE_STRIP = NO;
				DEBUG_INFORMATION_FORMAT = dwarf;
				ENABLE_STRICT_OBJC_MSGSEND = YES;
				ENABLE_TESTABILITY = YES;
				ENABLE_USER_SCRIPT_SANDBOXING = YES;
				GCC_C_LANGUAGE_STANDARD = gnu17;
				GCC_DYNAMIC_NO_PIC = NO;
				GCC_NO_COMMON_BLOCKS = YES;
				GCC_OPTIMIZATION_LEVEL = 0;
				GCC_PREPROCESSOR_DEFINITIONS = (
					"DEBUG=1",
					"$(inherited)",
				);
				GCC_WARN_64_TO_32_BIT_CONVERSION = YES;
				GCC_WARN_ABOUT_RETURN_TYPE = YES_ERROR;
				GCC_WARN_UNDECLARED_SELECTOR = YES;
				GCC_WARN_UNINITIALIZED_AUTOS = YES_AGGRESSIVE;
				GCC_WARN_UNUSED_FUNCTION = YES;
				GCC_WARN_UNUSED_VARIABLE = YES;
				IPHONEOS_DEPLOYMENT_TARGET = 17.5;
				LOCALIZATION_PREFERS_STRING_CATALOGS = YES;
				MTL_ENABLE_DEBUG_INFO = INCLUDE_SOURCE;
				MTL_FAST_MATH = YES;
				ONLY_ACTIVE_ARCH = YES;
				SDKROOT = iphoneos;
				SWIFT_ACTIVE_COMPILATION_CONDITIONS = "DEBUG $(inherited)";
				SWIFT_OPTIMIZATION_LEVEL = "-Onone";
			};
			name = Debug;
		};
		46D339312BFD25A30095A930 /* Release */ = {
			isa = XCBuildConfiguration;
			buildSettings = {
				ALWAYS_SEARCH_USER_PATHS = NO;
				ASSETCATALOG_COMPILER_GENERATE_SWIFT_ASSET_SYMBOL_EXTENSIONS = YES;
				CLANG_ANALYZER_NONNULL = YES;
				CLANG_ANALYZER_NUMBER_OBJECT_CONVERSION = YES_AGGRESSIVE;
				CLANG_CXX_LANGUAGE_STANDARD = "gnu++20";
				CLANG_ENABLE_MODULES = YES;
				CLANG_ENABLE_OBJC_ARC = YES;
				CLANG_ENABLE_OBJC_WEAK = YES;
				CLANG_WARN_BLOCK_CAPTURE_AUTORELEASING = YES;
				CLANG_WARN_BOOL_CONVERSION = YES;
				CLANG_WARN_COMMA = YES;
				CLANG_WARN_CONSTANT_CONVERSION = YES;
				CLANG_WARN_DEPRECATED_OBJC_IMPLEMENTATIONS = YES;
				CLANG_WARN_DIRECT_OBJC_ISA_USAGE = YES_ERROR;
				CLANG_WARN_DOCUMENTATION_COMMENTS = YES;
				CLANG_WARN_EMPTY_BODY = YES;
				CLANG_WARN_ENUM_CONVERSION = YES;
				CLANG_WARN_INFINITE_RECURSION = YES;
				CLANG_WARN_INT_CONVERSION = YES;
				CLANG_WARN_NON_LITERAL_NULL_CONVERSION = YES;
				CLANG_WARN_OBJC_IMPLICIT_RETAIN_SELF = YES;
				CLANG_WARN_OBJC_LITERAL_CONVERSION = YES;
				CLANG_WARN_OBJC_ROOT_CLASS = YES_ERROR;
				CLANG_WARN_QUOTED_INCLUDE_IN_FRAMEWORK_HEADER = YES;
				CLANG_WARN_RANGE_LOOP_ANALYSIS = YES;
				CLANG_WARN_STRICT_PROTOTYPES = YES;
				CLANG_WARN_SUSPICIOUS_MOVE = YES;
				CLANG_WARN_UNGUARDED_AVAILABILITY = YES_AGGRESSIVE;
				CLANG_WARN_UNREACHABLE_CODE = YES;
				CLANG_WARN__DUPLICATE_METHOD_MATCH = YES;
				COPY_PHASE_STRIP = NO;
				DEBUG_INFORMATION_FORMAT = "dwarf-with-dsym";
				ENABLE_NS_ASSERTIONS = NO;
				ENABLE_STRICT_OBJC_MSGSEND = YES;
				ENABLE_USER_SCRIPT_SANDBOXING = YES;
				GCC_C_LANGUAGE_STANDARD = gnu17;
				GCC_NO_COMMON_BLOCKS = YES;
				GCC_WARN_64_TO_32_BIT_CONVERSION = YES;
				GCC_WARN_ABOUT_RETURN_TYPE = YES_ERROR;
				GCC_WARN_UNDECLARED_SELECTOR = YES;
				GCC_WARN_UNINITIALIZED_AUTOS = YES_AGGRESSIVE;
				GCC_WARN_UNUSED_FUNCTION = YES;
				GCC_WARN_UNUSED_VARIABLE = YES;
				IPHONEOS_DEPLOYMENT_TARGET = 17.5;
				LOCALIZATION_PREFERS_STRING_CATALOGS = YES;
				MTL_ENABLE_DEBUG_INFO = NO;
				MTL_FAST_MATH = YES;
				SDKROOT = iphoneos;
				SWIFT_COMPILATION_MODE = wholemodule;
				VALIDATE_PRODUCT = YES;
			};
			name = Release;
		};
		46D339332BFD25A30095A930 /* Debug */ = {
			isa = XCBuildConfiguration;
			buildSettings = {
				ASSETCATALOG_COMPILER_APPICON_NAME = AppIcon;
				ASSETCATALOG_COMPILER_GLOBAL_ACCENT_COLOR_NAME = AccentColor;
				CODE_SIGN_STYLE = Automatic;
				CURRENT_PROJECT_VERSION = 1;
				DEVELOPMENT_ASSET_PATHS = "\"DessertChallenge/Preview Content\"";
				DEVELOPMENT_TEAM = 52VBP64FJL;
				ENABLE_PREVIEWS = YES;
				GENERATE_INFOPLIST_FILE = YES;
				INFOPLIST_KEY_UIApplicationSceneManifest_Generation = YES;
				INFOPLIST_KEY_UIApplicationSupportsIndirectInputEvents = YES;
				INFOPLIST_KEY_UILaunchScreen_Generation = YES;
				INFOPLIST_KEY_UISupportedInterfaceOrientations_iPad = "UIInterfaceOrientationPortrait UIInterfaceOrientationPortraitUpsideDown UIInterfaceOrientationLandscapeLeft UIInterfaceOrientationLandscapeRight";
				INFOPLIST_KEY_UISupportedInterfaceOrientations_iPhone = "UIInterfaceOrientationPortrait UIInterfaceOrientationLandscapeLeft UIInterfaceOrientationLandscapeRight";
				LD_RUNPATH_SEARCH_PATHS = (
					"$(inherited)",
					"@executable_path/Frameworks",
				);
				MARKETING_VERSION = 1.0;
				PRODUCT_BUNDLE_IDENTIFIER = com.JacksApps.DessertChallenge;
				PRODUCT_NAME = "$(TARGET_NAME)";
				SWIFT_EMIT_LOC_STRINGS = YES;
				SWIFT_VERSION = 5.0;
				TARGETED_DEVICE_FAMILY = "1,2";
			};
			name = Debug;
		};
		46D339342BFD25A30095A930 /* Release */ = {
			isa = XCBuildConfiguration;
			buildSettings = {
				ASSETCATALOG_COMPILER_APPICON_NAME = AppIcon;
				ASSETCATALOG_COMPILER_GLOBAL_ACCENT_COLOR_NAME = AccentColor;
				CODE_SIGN_STYLE = Automatic;
				CURRENT_PROJECT_VERSION = 1;
				DEVELOPMENT_ASSET_PATHS = "\"DessertChallenge/Preview Content\"";
				DEVELOPMENT_TEAM = 52VBP64FJL;
				ENABLE_PREVIEWS = YES;
				GENERATE_INFOPLIST_FILE = YES;
				INFOPLIST_KEY_UIApplicationSceneManifest_Generation = YES;
				INFOPLIST_KEY_UIApplicationSupportsIndirectInputEvents = YES;
				INFOPLIST_KEY_UILaunchScreen_Generation = YES;
				INFOPLIST_KEY_UISupportedInterfaceOrientations_iPad = "UIInterfaceOrientationPortrait UIInterfaceOrientationPortraitUpsideDown UIInterfaceOrientationLandscapeLeft UIInterfaceOrientationLandscapeRight";
				INFOPLIST_KEY_UISupportedInterfaceOrientations_iPhone = "UIInterfaceOrientationPortrait UIInterfaceOrientationLandscapeLeft UIInterfaceOrientationLandscapeRight";
				LD_RUNPATH_SEARCH_PATHS = (
					"$(inherited)",
					"@executable_path/Frameworks",
				);
				MARKETING_VERSION = 1.0;
				PRODUCT_BUNDLE_IDENTIFIER = com.JacksApps.DessertChallenge;
				PRODUCT_NAME = "$(TARGET_NAME)";
				SWIFT_EMIT_LOC_STRINGS = YES;
				SWIFT_VERSION = 5.0;
				TARGETED_DEVICE_FAMILY = "1,2";
			};
			name = Release;
		};
		46D339362BFD25A30095A930 /* Debug */ = {
			isa = XCBuildConfiguration;
			buildSettings = {
				ALWAYS_EMBED_SWIFT_STANDARD_LIBRARIES = YES;
				BUNDLE_LOADER = "$(TEST_HOST)";
				CODE_SIGN_STYLE = Automatic;
				CURRENT_PROJECT_VERSION = 1;
				DEVELOPMENT_TEAM = 52VBP64FJL;
				GENERATE_INFOPLIST_FILE = YES;
				IPHONEOS_DEPLOYMENT_TARGET = 17.5;
				MARKETING_VERSION = 1.0;
				PRODUCT_BUNDLE_IDENTIFIER = com.JacksApps.DessertChallengeTests;
				PRODUCT_NAME = "$(TARGET_NAME)";
				SWIFT_EMIT_LOC_STRINGS = NO;
				SWIFT_VERSION = 5.0;
				TARGETED_DEVICE_FAMILY = "1,2";
				TEST_HOST = "$(BUILT_PRODUCTS_DIR)/DessertChallenge.app/$(BUNDLE_EXECUTABLE_FOLDER_PATH)/DessertChallenge";
			};
			name = Debug;
		};
		46D339372BFD25A30095A930 /* Release */ = {
			isa = XCBuildConfiguration;
			buildSettings = {
				ALWAYS_EMBED_SWIFT_STANDARD_LIBRARIES = YES;
				BUNDLE_LOADER = "$(TEST_HOST)";
				CODE_SIGN_STYLE = Automatic;
				CURRENT_PROJECT_VERSION = 1;
				DEVELOPMENT_TEAM = 52VBP64FJL;
				GENERATE_INFOPLIST_FILE = YES;
				IPHONEOS_DEPLOYMENT_TARGET = 17.5;
				MARKETING_VERSION = 1.0;
				PRODUCT_BUNDLE_IDENTIFIER = com.JacksApps.DessertChallengeTests;
				PRODUCT_NAME = "$(TARGET_NAME)";
				SWIFT_EMIT_LOC_STRINGS = NO;
				SWIFT_VERSION = 5.0;
				TARGETED_DEVICE_FAMILY = "1,2";
				TEST_HOST = "$(BUILT_PRODUCTS_DIR)/DessertChallenge.app/$(BUNDLE_EXECUTABLE_FOLDER_PATH)/DessertChallenge";
			};
			name = Release;
		};
		46D339392BFD25A30095A930 /* Debug */ = {
			isa = XCBuildConfiguration;
			buildSettings = {
				ALWAYS_EMBED_SWIFT_STANDARD_LIBRARIES = YES;
				CODE_SIGN_STYLE = Automatic;
				CURRENT_PROJECT_VERSION = 1;
				DEVELOPMENT_TEAM = 52VBP64FJL;
				GENERATE_INFOPLIST_FILE = YES;
				MARKETING_VERSION = 1.0;
				PRODUCT_BUNDLE_IDENTIFIER = com.JacksApps.DessertChallengeUITests;
				PRODUCT_NAME = "$(TARGET_NAME)";
				SWIFT_EMIT_LOC_STRINGS = NO;
				SWIFT_VERSION = 5.0;
				TARGETED_DEVICE_FAMILY = "1,2";
				TEST_TARGET_NAME = DessertChallenge;
			};
			name = Debug;
		};
		46D3393A2BFD25A30095A930 /* Release */ = {
			isa = XCBuildConfiguration;
			buildSettings = {
				ALWAYS_EMBED_SWIFT_STANDARD_LIBRARIES = YES;
				CODE_SIGN_STYLE = Automatic;
				CURRENT_PROJECT_VERSION = 1;
				DEVELOPMENT_TEAM = 52VBP64FJL;
				GENERATE_INFOPLIST_FILE = YES;
				MARKETING_VERSION = 1.0;
				PRODUCT_BUNDLE_IDENTIFIER = com.JacksApps.DessertChallengeUITests;
				PRODUCT_NAME = "$(TARGET_NAME)";
				SWIFT_EMIT_LOC_STRINGS = NO;
				SWIFT_VERSION = 5.0;
				TARGETED_DEVICE_FAMILY = "1,2";
				TEST_TARGET_NAME = DessertChallenge;
			};
			name = Release;
		};
/* End XCBuildConfiguration section */

/* Begin XCConfigurationList section */
		46D339092BFD25A20095A930 /* Build configuration list for PBXProject "DessertChallenge" */ = {
			isa = XCConfigurationList;
			buildConfigurations = (
				46D339302BFD25A30095A930 /* Debug */,
				46D339312BFD25A30095A930 /* Release */,
			);
			defaultConfigurationIsVisible = 0;
			defaultConfigurationName = Release;
		};
		46D339322BFD25A30095A930 /* Build configuration list for PBXNativeTarget "DessertChallenge" */ = {
			isa = XCConfigurationList;
			buildConfigurations = (
				46D339332BFD25A30095A930 /* Debug */,
				46D339342BFD25A30095A930 /* Release */,
			);
			defaultConfigurationIsVisible = 0;
			defaultConfigurationName = Release;
		};
		46D339352BFD25A30095A930 /* Build configuration list for PBXNativeTarget "DessertChallengeTests" */ = {
			isa = XCConfigurationList;
			buildConfigurations = (
				46D339362BFD25A30095A930 /* Debug */,
				46D339372BFD25A30095A930 /* Release */,
			);
			defaultConfigurationIsVisible = 0;
			defaultConfigurationName = Release;
		};
		46D339382BFD25A30095A930 /* Build configuration list for PBXNativeTarget "DessertChallengeUITests" */ = {
			isa = XCConfigurationList;
			buildConfigurations = (
				46D339392BFD25A30095A930 /* Debug */,
				46D3393A2BFD25A30095A930 /* Release */,
			);
			defaultConfigurationIsVisible = 0;
			defaultConfigurationName = Release;
		};
/* End XCConfigurationList section */

/* Begin XCRemoteSwiftPackageReference section */
		464DB3D62C112C2D00D34454 /* XCRemoteSwiftPackageReference "Swinject" */ = {
			isa = XCRemoteSwiftPackageReference;
			repositoryURL = "https://github.com/Swinject/Swinject";
			requirement = {
				kind = upToNextMajorVersion;
				minimumVersion = 2.9.1;
			};
		};
/* End XCRemoteSwiftPackageReference section */

/* Begin XCSwiftPackageProductDependency section */
		464DB3D72C112C6700D34454 /* Swinject */ = {
			isa = XCSwiftPackageProductDependency;
			package = 464DB3D62C112C2D00D34454 /* XCRemoteSwiftPackageReference "Swinject" */;
			productName = Swinject;
		};
/* End XCSwiftPackageProductDependency section */
	};
	rootObject = 46D339062BFD25A20095A930 /* Project object */;
}
